
Microsoft Visual Studio Solution File, Format Version 12.00
# Visual Studio 15
VisualStudioVersion = 15.0.28010.2003
MinimumVisualStudioVersion = 10.0.40219.1
Project("{FAE04EC0-301F-11D3-BF4B-00C04F79EFBC}") = "Calculator", "CalculatorUnitTest\Calculator.csproj", "{037E5754-9939-4CA0-B31F-6158FED4A237}"
EndProject
Project("{FAE04EC0-301F-11D3-BF4B-00C04F79EFBC}") = "Calculator.Test.Unit", "Calculator.Test.Unit\Calculator.Test.Unit.csproj", "{25CCFEF2-93DF-40B4-B8EE-CA1477C08ECD}"
EndProject
Project("{2150E333-8FDC-42A3-9474-1A3956D46DE8}") = "Solution Items", "Solution Items", "{BE58CC39-035A-4918-8385-03FB1500952F}"
	ProjectSection(SolutionItems) = preProject
		..\dotCoverCoverageConfig.xml = ..\dotCoverCoverageConfig.xml
	EndProjectSection
EndProject
Global
	GlobalSection(SolutionConfigurationPlatforms) = preSolution
		Debug|Any CPU = Debug|Any CPU
		Release|Any CPU = Release|Any CPU
	EndGlobalSection
	GlobalSection(ProjectConfigurationPlatforms) = postSolution
		{037E5754-9939-4CA0-B31F-6158FED4A237}.Debug|Any CPU.ActiveCfg = Debug|Any CPU
		{037E5754-9939-4CA0-B31F-6158FED4A237}.Debug|Any CPU.Build.0 = Debug|Any CPU
		{037E5754-9939-4CA0-B31F-6158FED4A237}.Release|Any CPU.ActiveCfg = Release|Any CPU
		{037E5754-9939-4CA0-B31F-6158FED4A237}.Release|Any CPU.Build.0 = Release|Any CPU
		{25CCFEF2-93DF-40B4-B8EE-CA1477C08ECD}.Debug|Any CPU.ActiveCfg = Debug|Any CPU
		{25CCFEF2-93DF-40B4-B8EE-CA1477C08ECD}.Debug|Any CPU.Build.0 = Debug|Any CPU
		{25CCFEF2-93DF-40B4-B8EE-CA1477C08ECD}.Release|Any CPU.ActiveCfg = Release|Any CPU
		{25CCFEF2-93DF-40B4-B8EE-CA1477C08ECD}.Release|Any CPU.Build.0 = Release|Any CPU
	EndGlobalSection
	GlobalSection(SolutionProperties) = preSolution
		HideSolutionNode = FALSE
	EndGlobalSection
	GlobalSection(ExtensibilityGlobals) = postSolution
		SolutionGuid = {D412CFE2-76C7-44EB-B999-93B43B5C93C7}
	EndGlobalSection
EndGlobal
